
Microsoft Visual Studio Solution File, Format Version 12.00
Project("{2150E333-8FDC-42A3-9474-1A3956D46DE8}") = "Solution Items", "Solution Items", "{6711CB5F-0D3C-4F40-A636-03D1E4C81321}"
								ProjectSection(SolutionItems) = preProject
																.editorconfig = .editorconfig
																.gitattributes = .gitattributes
																.gitignore = .gitignore
																Directory.Build.props = Directory.Build.props
																Directory.Packages.props = Directory.Packages.props
																LICENSE = LICENSE
																README.md = README.md
								EndProjectSection
EndProject
Project("{2150E333-8FDC-42A3-9474-1A3956D46DE8}") = "Aspire", "Aspire", "{7F041E2B-3D9B-4CA8-BBA3-7DC592218310}"
EndProject
Project("{FAE04EC0-301F-11D3-BF4B-00C04F79EFBC}") = "owoBot.Aspire.Host", "src\owoBot.Aspire.Host\owoBot.Aspire.Host.csproj", "{532EE355-8642-4B76-B144-F3A0C77B066F}"
EndProject
Project("{FAE04EC0-301F-11D3-BF4B-00C04F79EFBC}") = "owoBot.Aspire.ServiceDefaults", "src\owoBot.Aspire.ServiceDefaults\owoBot.Aspire.ServiceDefaults.csproj", "{BB78068E-D03F-4202-BDEA-33828F977B77}"
EndProject
Project("{2150E333-8FDC-42A3-9474-1A3956D46DE8}") = "App", "App", "{80C6D812-8694-4B5B-A8AD-44314E0F2126}"
EndProject
Project("{FAE04EC0-301F-11D3-BF4B-00C04F79EFBC}") = "owoBot.App.Bot", "src\owoBot.App.Bot\owoBot.App.Bot.csproj", "{3E44477D-53E8-4105-B30B-89766C3F28C1}"
EndProject
Project("{FAE04EC0-301F-11D3-BF4B-00C04F79EFBC}") = "owoBot.Domain", "src\owoBot.Domain\owoBot.Domain.csproj", "{8767D9DD-0F53-4AA5-9650-D9477423B9F9}"
EndProject
Project("{FAE04EC0-301F-11D3-BF4B-00C04F79EFBC}") = "owoBot.Application.Command", "src\owoBot.Application.Command\owoBot.Application.Command.csproj", "{5A52FABF-848F-452A-8741-5CE7ECC261FA}"
EndProject
Project("{FAE04EC0-301F-11D3-BF4B-00C04F79EFBC}") = "owoBot.EntityFrameworkCore", "src\owoBot.EntityFrameworkCore\owoBot.EntityFrameworkCore.csproj", "{4E0EB50D-ECA4-4C07-94E0-F4DF479234A5}"
EndProject
Project("{2150E333-8FDC-42A3-9474-1A3956D46DE8}") = "Module", "Module", "{D9B7205E-ED06-4CCC-A943-7C4FF088FED0}"
EndProject
Project("{FAE04EC0-301F-11D3-BF4B-00C04F79EFBC}") = "owoBot.Module.OpenExchangeRate", "src\owoBot.Module.OpenExchangeRate\owoBot.Module.OpenExchangeRate.csproj", "{2057F784-A1DC-49BC-AF14-8DA88F6EB96E}"
EndProject
Global
	GlobalSection(SolutionConfigurationPlatforms) = preSolution
		Debug|Any CPU = Debug|Any CPU
		Release|Any CPU = Release|Any CPU
	EndGlobalSection
	GlobalSection(NestedProjects) = preSolution
		{532EE355-8642-4B76-B144-F3A0C77B066F} = {7F041E2B-3D9B-4CA8-BBA3-7DC592218310}
		{BB78068E-D03F-4202-BDEA-33828F977B77} = {7F041E2B-3D9B-4CA8-BBA3-7DC592218310}
		{3E44477D-53E8-4105-B30B-89766C3F28C1} = {80C6D812-8694-4B5B-A8AD-44314E0F2126}
		{2057F784-A1DC-49BC-AF14-8DA88F6EB96E} = {D9B7205E-ED06-4CCC-A943-7C4FF088FED0}
	EndGlobalSection
	GlobalSection(ProjectConfigurationPlatforms) = postSolution
		{532EE355-8642-4B76-B144-F3A0C77B066F}.Debug|Any CPU.ActiveCfg = Debug|Any CPU
		{532EE355-8642-4B76-B144-F3A0C77B066F}.Debug|Any CPU.Build.0 = Debug|Any CPU
		{532EE355-8642-4B76-B144-F3A0C77B066F}.Release|Any CPU.ActiveCfg = Release|Any CPU
		{532EE355-8642-4B76-B144-F3A0C77B066F}.Release|Any CPU.Build.0 = Release|Any CPU
		{BB78068E-D03F-4202-BDEA-33828F977B77}.Debug|Any CPU.ActiveCfg = Debug|Any CPU
		{BB78068E-D03F-4202-BDEA-33828F977B77}.Debug|Any CPU.Build.0 = Debug|Any CPU
		{BB78068E-D03F-4202-BDEA-33828F977B77}.Release|Any CPU.ActiveCfg = Release|Any CPU
		{BB78068E-D03F-4202-BDEA-33828F977B77}.Release|Any CPU.Build.0 = Release|Any CPU
		{3E44477D-53E8-4105-B30B-89766C3F28C1}.Debug|Any CPU.ActiveCfg = Debug|Any CPU
		{3E44477D-53E8-4105-B30B-89766C3F28C1}.Debug|Any CPU.Build.0 = Debug|Any CPU
		{3E44477D-53E8-4105-B30B-89766C3F28C1}.Release|Any CPU.ActiveCfg = Release|Any CPU
		{3E44477D-53E8-4105-B30B-89766C3F28C1}.Release|Any CPU.Build.0 = Release|Any CPU
		{8767D9DD-0F53-4AA5-9650-D9477423B9F9}.Debug|Any CPU.ActiveCfg = Debug|Any CPU
		{8767D9DD-0F53-4AA5-9650-D9477423B9F9}.Debug|Any CPU.Build.0 = Debug|Any CPU
		{8767D9DD-0F53-4AA5-9650-D9477423B9F9}.Release|Any CPU.ActiveCfg = Release|Any CPU
		{8767D9DD-0F53-4AA5-9650-D9477423B9F9}.Release|Any CPU.Build.0 = Release|Any CPU
		{5A52FABF-848F-452A-8741-5CE7ECC261FA}.Debug|Any CPU.ActiveCfg = Debug|Any CPU
		{5A52FABF-848F-452A-8741-5CE7ECC261FA}.Debug|Any CPU.Build.0 = Debug|Any CPU
		{5A52FABF-848F-452A-8741-5CE7ECC261FA}.Release|Any CPU.ActiveCfg = Release|Any CPU
		{5A52FABF-848F-452A-8741-5CE7ECC261FA}.Release|Any CPU.Build.0 = Release|Any CPU
		{4E0EB50D-ECA4-4C07-94E0-F4DF479234A5}.Debug|Any CPU.ActiveCfg = Debug|Any CPU
		{4E0EB50D-ECA4-4C07-94E0-F4DF479234A5}.Debug|Any CPU.Build.0 = Debug|Any CPU
		{4E0EB50D-ECA4-4C07-94E0-F4DF479234A5}.Release|Any CPU.ActiveCfg = Release|Any CPU
		{4E0EB50D-ECA4-4C07-94E0-F4DF479234A5}.Release|Any CPU.Build.0 = Release|Any CPU
		{2057F784-A1DC-49BC-AF14-8DA88F6EB96E}.Debug|Any CPU.ActiveCfg = Debug|Any CPU
		{2057F784-A1DC-49BC-AF14-8DA88F6EB96E}.Debug|Any CPU.Build.0 = Debug|Any CPU
		{2057F784-A1DC-49BC-AF14-8DA88F6EB96E}.Release|Any CPU.ActiveCfg = Release|Any CPU
		{2057F784-A1DC-49BC-AF14-8DA88F6EB96E}.Release|Any CPU.Build.0 = Release|Any CPU
	EndGlobalSection
EndGlobal
